Microsoft Visual Studio Solution File, Format Version 12.00
# Visual Studio 15
VisualStudioVersion = 15.0.27428.2043
MinimumVisualStudioVersion = 10.0.40219.1
Project("{9A19103F-16F7-4668-BE54-9A1E7A4F7556}") = "FractionsExcercise", "FractionsExcercise\FractionsExcercise.csproj", "{642090CE-50E7-46A5-803F-0871804E3384}"
EndProject
Project("{9A19103F-16F7-4668-BE54-9A1E7A4F7556}") = "FractionsExercise.Tests", "FractionsExercise.Tests\FractionsExercise.Tests.csproj", "{789C29CF-FA39-4147-AAC6-F725EFBA6FA4}"
EndProject
Global
	GlobalSection(SolutionConfigurationPlatforms) = preSolution
		Debug|Any CPU = Debug|Any CPU
		Debug|x64 = Debug|x64
		Debug|x86 = Debug|x86
		Release|Any CPU = Release|Any CPU
		Release|x64 = Release|x64
		Release|x86 = Release|x86
	EndGlobalSection
	GlobalSection(ProjectConfigurationPlatforms) = postSolution
		{642090CE-50E7-46A5-803F-0871804E3384}.Debug|Any CPU.ActiveCfg = Debug|Any CPU
		{642090CE-50E7-46A5-803F-0871804E3384}.Debug|Any CPU.Build.0 = Debug|Any CPU
		{642090CE-50E7-46A5-803F-0871804E3384}.Debug|x64.ActiveCfg = Debug|Any CPU
		{642090CE-50E7-46A5-803F-0871804E3384}.Debug|x64.Build.0 = Debug|Any CPU
		{642090CE-50E7-46A5-803F-0871804E3384}.Debug|x86.ActiveCfg = Debug|Any CPU
		{642090CE-50E7-46A5-803F-0871804E3384}.Debug|x86.Build.0 = Debug|Any CPU
		{642090CE-50E7-46A5-803F-0871804E3384}.Release|Any CPU.ActiveCfg = Release|Any CPU
		{642090CE-50E7-46A5-803F-0871804E3384}.Release|Any CPU.Build.0 = Release|Any CPU
		{642090CE-50E7-46A5-803F-0871804E3384}.Release|x64.ActiveCfg = Release|Any CPU
		{642090CE-50E7-46A5-803F-0871804E3384}.Release|x64.Build.0 = Release|Any CPU
		{642090CE-50E7-46A5-803F-0871804E3384}.Release|x86.ActiveCfg = Release|Any CPU
		{642090CE-50E7-46A5-803F-0871804E3384}.Release|x86.Build.0 = Release|Any CPU
		{789C29CF-FA39-4147-AAC6-F725EFBA6FA4}.Debug|Any CPU.ActiveCfg = Debug|Any CPU
		{789C29CF-FA39-4147-AAC6-F725EFBA6FA4}.Debug|Any CPU.Build.0 = Debug|Any CPU
		{789C29CF-FA39-4147-AAC6-F725EFBA6FA4}.Debug|x64.ActiveCfg = Debug|Any CPU
		{789C29CF-FA39-4147-AAC6-F725EFBA6FA4}.Debug|x64.Build.0 = Debug|Any CPU
		{789C29CF-FA39-4147-AAC6-F725EFBA6FA4}.Debug|x86.ActiveCfg = Debug|Any CPU
		{789C29CF-FA39-4147-AAC6-F725EFBA6FA4}.Debug|x86.Build.0 = Debug|Any CPU
		{789C29CF-FA39-4147-AAC6-F725EFBA6FA4}.Release|Any CPU.ActiveCfg = Release|Any CPU
		{789C29CF-FA39-4147-AAC6-F725EFBA6FA4}.Release|Any CPU.Build.0 = Release|Any CPU
		{789C29CF-FA39-4147-AAC6-F725EFBA6FA4}.Release|x64.ActiveCfg = Release|Any CPU
		{789C29CF-FA39-4147-AAC6-F725EFBA6FA4}.Release|x64.Build.0 = Release|Any CPU
		{789C29CF-FA39-4147-AAC6-F725EFBA6FA4}.Release|x86.ActiveCfg = Release|Any CPU
		{789C29CF-FA39-4147-AAC6-F725EFBA6FA4}.Release|x86.Build.0 = Release|Any CPU
	EndGlobalSection
	GlobalSection(SolutionProperties) = preSolution
		HideSolutionNode = FALSE
	EndGlobalSection
	GlobalSection(ExtensibilityGlobals) = postSolution
		SolutionGuid = {C243D8C1-0D28-4AF8-8E99-0287C0289ECF}
	EndGlobalSection
EndGlobal
